
Microsoft Visual Studio Solution File, Format Version 12.00
# Visual Studio Version 17
VisualStudioVersion = 17.4.33110.190
MinimumVisualStudioVersion = 10.0.40219.1
Project("{FAE04EC0-301F-11D3-BF4B-00C04F79EFBC}") = "GManGameEngine", "GManGameEngine\GManGameEngine.csproj", "{ECDE9B5B-8709-4309-BB9D-35ED5BE2BD3B}"
EndProject
Global
	GlobalSection(SolutionConfigurationPlatforms) = preSolution
		Debug|Any CPU = Debug|Any CPU
		Release|Any CPU = Release|Any CPU
	EndGlobalSection
	GlobalSection(ProjectConfigurationPlatforms) = postSolution
		{ECDE9B5B-8709-4309-BB9D-35ED5BE2BD3B}.Debug|Any CPU.ActiveCfg = Debug|Any CPU
		{ECDE9B5B-8709-4309-BB9D-35ED5BE2BD3B}.Debug|Any CPU.Build.0 = Debug|Any CPU
		{ECDE9B5B-8709-4309-BB9D-35ED5BE2BD3B}.Release|Any CPU.ActiveCfg = Release|Any CPU
		{ECDE9B5B-8709-4309-BB9D-35ED5BE2BD3B}.Release|Any CPU.Build.0 = Release|Any CPU
	EndGlobalSection
	GlobalSection(SolutionProperties) = preSolution
		HideSolutionNode = FALSE
	EndGlobalSection
	GlobalSection(ExtensibilityGlobals) = postSolution
		SolutionGuid = {AF974E81-B11F-40C9-8570-40BEDF58EF86}
	EndGlobalSection
EndGlobal
